
Microsoft Visual Studio Solution File, Format Version 12.00
# Visual Studio Version 17
VisualStudioVersion = 17.3.32929.385
MinimumVisualStudioVersion = 10.0.40219.1
Project("{FAE04EC0-301F-11D3-BF4B-00C04F79EFBC}") = "Agafonow_nedely 3_zadanie 9_1", "Agafonow_nedely 3_zadanie 9_1\Agafonow_nedely 3_zadanie 9_1.csproj", "{5280CFA9-056C-4D3D-A1F0-AA5E832D4088}"
EndProject
Global
	GlobalSection(SolutionConfigurationPlatforms) = preSolution
		Debug|Any CPU = Debug|Any CPU
		Release|Any CPU = Release|Any CPU
	EndGlobalSection
	GlobalSection(ProjectConfigurationPlatforms) = postSolution
		{5280CFA9-056C-4D3D-A1F0-AA5E832D4088}.Debug|Any CPU.ActiveCfg = Debug|Any CPU
		{5280CFA9-056C-4D3D-A1F0-AA5E832D4088}.Debug|Any CPU.Build.0 = Debug|Any CPU
		{5280CFA9-056C-4D3D-A1F0-AA5E832D4088}.Release|Any CPU.ActiveCfg = Release|Any CPU
		{5280CFA9-056C-4D3D-A1F0-AA5E832D4088}.Release|Any CPU.Build.0 = Release|Any CPU
	EndGlobalSection
	GlobalSection(SolutionProperties) = preSolution
		HideSolutionNode = FALSE
	EndGlobalSection
	GlobalSection(ExtensibilityGlobals) = postSolution
		SolutionGuid = {E117F85D-0378-44E0-8BC7-22A1B8D49292}
	EndGlobalSection
EndGlobal
