
Microsoft Visual Studio Solution File, Format Version 12.00
# Visual Studio Version 17
VisualStudioVersion = 17.3.32929.385
MinimumVisualStudioVersion = 10.0.40219.1
Project("{FAE04EC0-301F-11D3-BF4B-00C04F79EFBC}") = "Agafonow_nedely 2_zadanie 6_3", "Agafonow_nedely 2_zadanie 6_3\Agafonow_nedely 2_zadanie 6_3.csproj", "{29430BA2-7C78-4750-B878-128D019C9F37}"
EndProject
Global
	GlobalSection(SolutionConfigurationPlatforms) = preSolution
		Debug|Any CPU = Debug|Any CPU
		Release|Any CPU = Release|Any CPU
	EndGlobalSection
	GlobalSection(ProjectConfigurationPlatforms) = postSolution
		{29430BA2-7C78-4750-B878-128D019C9F37}.Debug|Any CPU.ActiveCfg = Debug|Any CPU
		{29430BA2-7C78-4750-B878-128D019C9F37}.Debug|Any CPU.Build.0 = Debug|Any CPU
		{29430BA2-7C78-4750-B878-128D019C9F37}.Release|Any CPU.ActiveCfg = Release|Any CPU
		{29430BA2-7C78-4750-B878-128D019C9F37}.Release|Any CPU.Build.0 = Release|Any CPU
	EndGlobalSection
	GlobalSection(SolutionProperties) = preSolution
		HideSolutionNode = FALSE
	EndGlobalSection
	GlobalSection(ExtensibilityGlobals) = postSolution
		SolutionGuid = {D2F880F1-879C-4106-9CD0-E5929AD0BE11}
	EndGlobalSection
EndGlobal
