
Microsoft Visual Studio Solution File, Format Version 12.00
# Visual Studio Version 17
VisualStudioVersion = 17.3.32929.385
MinimumVisualStudioVersion = 10.0.40219.1
Project("{FAE04EC0-301F-11D3-BF4B-00C04F79EFBC}") = "Agafonow_nedely 4_zadanie 12", "Agafonow_nedely 4_zadanie 12\Agafonow_nedely 4_zadanie 12.csproj", "{78DF269A-079F-466A-8923-7CE3BE889741}"
EndProject
Global
	GlobalSection(SolutionConfigurationPlatforms) = preSolution
		Debug|Any CPU = Debug|Any CPU
		Release|Any CPU = Release|Any CPU
	EndGlobalSection
	GlobalSection(ProjectConfigurationPlatforms) = postSolution
		{78DF269A-079F-466A-8923-7CE3BE889741}.Debug|Any CPU.ActiveCfg = Debug|Any CPU
		{78DF269A-079F-466A-8923-7CE3BE889741}.Debug|Any CPU.Build.0 = Debug|Any CPU
		{78DF269A-079F-466A-8923-7CE3BE889741}.Release|Any CPU.ActiveCfg = Release|Any CPU
		{78DF269A-079F-466A-8923-7CE3BE889741}.Release|Any CPU.Build.0 = Release|Any CPU
	EndGlobalSection
	GlobalSection(SolutionProperties) = preSolution
		HideSolutionNode = FALSE
	EndGlobalSection
	GlobalSection(ExtensibilityGlobals) = postSolution
		SolutionGuid = {7E208C74-D0F3-4924-9D06-A98975175754}
	EndGlobalSection
EndGlobal
