
Microsoft Visual Studio Solution File, Format Version 12.00
# Visual Studio Version 17
VisualStudioVersion = 17.3.32929.385
MinimumVisualStudioVersion = 10.0.40219.1
Project("{FAE04EC0-301F-11D3-BF4B-00C04F79EFBC}") = "Аgafonow_nedely 1_zadanie 3_3", "Аgafonow_nedely 1_zadanie 3_3\Аgafonow_nedely 1_zadanie 3_3.csproj", "{537A9C47-729B-4BCC-A3DF-99B7BF4D5955}"
EndProject
Global
	GlobalSection(SolutionConfigurationPlatforms) = preSolution
		Debug|Any CPU = Debug|Any CPU
		Release|Any CPU = Release|Any CPU
	EndGlobalSection
	GlobalSection(ProjectConfigurationPlatforms) = postSolution
		{537A9C47-729B-4BCC-A3DF-99B7BF4D5955}.Debug|Any CPU.ActiveCfg = Debug|Any CPU
		{537A9C47-729B-4BCC-A3DF-99B7BF4D5955}.Debug|Any CPU.Build.0 = Debug|Any CPU
		{537A9C47-729B-4BCC-A3DF-99B7BF4D5955}.Release|Any CPU.ActiveCfg = Release|Any CPU
		{537A9C47-729B-4BCC-A3DF-99B7BF4D5955}.Release|Any CPU.Build.0 = Release|Any CPU
	EndGlobalSection
	GlobalSection(SolutionProperties) = preSolution
		HideSolutionNode = FALSE
	EndGlobalSection
	GlobalSection(ExtensibilityGlobals) = postSolution
		SolutionGuid = {143C6F2D-57B5-4B32-8846-D3D882BE2559}
	EndGlobalSection
EndGlobal
