
Microsoft Visual Studio Solution File, Format Version 12.00
# Visual Studio Version 17
VisualStudioVersion = 17.3.32929.385
MinimumVisualStudioVersion = 10.0.40219.1
Project("{FAE04EC0-301F-11D3-BF4B-00C04F79EFBC}") = "Agafonow_nedely 2_zadanie 6_1", "Agafonow_nedely 2_zadanie 6_1\Agafonow_nedely 2_zadanie 6_1.csproj", "{AC44CCEC-69FB-4BC8-A2A7-650649F2EE01}"
EndProject
Global
	GlobalSection(SolutionConfigurationPlatforms) = preSolution
		Debug|Any CPU = Debug|Any CPU
		Release|Any CPU = Release|Any CPU
	EndGlobalSection
	GlobalSection(ProjectConfigurationPlatforms) = postSolution
		{AC44CCEC-69FB-4BC8-A2A7-650649F2EE01}.Debug|Any CPU.ActiveCfg = Debug|Any CPU
		{AC44CCEC-69FB-4BC8-A2A7-650649F2EE01}.Debug|Any CPU.Build.0 = Debug|Any CPU
		{AC44CCEC-69FB-4BC8-A2A7-650649F2EE01}.Release|Any CPU.ActiveCfg = Release|Any CPU
		{AC44CCEC-69FB-4BC8-A2A7-650649F2EE01}.Release|Any CPU.Build.0 = Release|Any CPU
	EndGlobalSection
	GlobalSection(SolutionProperties) = preSolution
		HideSolutionNode = FALSE
	EndGlobalSection
	GlobalSection(ExtensibilityGlobals) = postSolution
		SolutionGuid = {F18E25A2-AF7C-4382-9041-2755E5E4BF4E}
	EndGlobalSection
EndGlobal
