
Microsoft Visual Studio Solution File, Format Version 12.00
# Visual Studio Version 17
VisualStudioVersion = 17.3.32929.385
MinimumVisualStudioVersion = 10.0.40219.1
Project("{FAE04EC0-301F-11D3-BF4B-00C04F79EFBC}") = "Agafonow_nedely 2_zadanie 6_2", "Agafonow_nedely 2_zadanie 6_2\Agafonow_nedely 2_zadanie 6_2.csproj", "{D796897B-31B0-4A0A-A0A6-63B09706702E}"
EndProject
Global
	GlobalSection(SolutionConfigurationPlatforms) = preSolution
		Debug|Any CPU = Debug|Any CPU
		Release|Any CPU = Release|Any CPU
	EndGlobalSection
	GlobalSection(ProjectConfigurationPlatforms) = postSolution
		{D796897B-31B0-4A0A-A0A6-63B09706702E}.Debug|Any CPU.ActiveCfg = Debug|Any CPU
		{D796897B-31B0-4A0A-A0A6-63B09706702E}.Debug|Any CPU.Build.0 = Debug|Any CPU
		{D796897B-31B0-4A0A-A0A6-63B09706702E}.Release|Any CPU.ActiveCfg = Release|Any CPU
		{D796897B-31B0-4A0A-A0A6-63B09706702E}.Release|Any CPU.Build.0 = Release|Any CPU
	EndGlobalSection
	GlobalSection(SolutionProperties) = preSolution
		HideSolutionNode = FALSE
	EndGlobalSection
	GlobalSection(ExtensibilityGlobals) = postSolution
		SolutionGuid = {56925AC7-2BA5-49D1-8489-DC0F11AC1D15}
	EndGlobalSection
EndGlobal
