
Microsoft Visual Studio Solution File, Format Version 12.00
# Visual Studio Version 17
VisualStudioVersion = 17.3.32929.385
MinimumVisualStudioVersion = 10.0.40219.1
Project("{FAE04EC0-301F-11D3-BF4B-00C04F79EFBC}") = "Agafonow_nedely 1_zadanie 3", "Agafonow_nedely 1_zadanie 3\Agafonow_nedely 1_zadanie 3.csproj", "{CA0AB258-C08C-4003-8C79-D537F96292DF}"
EndProject
Global
	GlobalSection(SolutionConfigurationPlatforms) = preSolution
		Debug|Any CPU = Debug|Any CPU
		Release|Any CPU = Release|Any CPU
	EndGlobalSection
	GlobalSection(ProjectConfigurationPlatforms) = postSolution
		{CA0AB258-C08C-4003-8C79-D537F96292DF}.Debug|Any CPU.ActiveCfg = Debug|Any CPU
		{CA0AB258-C08C-4003-8C79-D537F96292DF}.Debug|Any CPU.Build.0 = Debug|Any CPU
		{CA0AB258-C08C-4003-8C79-D537F96292DF}.Release|Any CPU.ActiveCfg = Release|Any CPU
		{CA0AB258-C08C-4003-8C79-D537F96292DF}.Release|Any CPU.Build.0 = Release|Any CPU
	EndGlobalSection
	GlobalSection(SolutionProperties) = preSolution
		HideSolutionNode = FALSE
	EndGlobalSection
	GlobalSection(ExtensibilityGlobals) = postSolution
		SolutionGuid = {2C53FB3C-7DCC-4669-B611-22B6CEF0E18B}
	EndGlobalSection
EndGlobal
